
Microsoft Visual Studio Solution File, Format Version 12.00
# Visual Studio Version 17
VisualStudioVersion = 17.1.32319.34
MinimumVisualStudioVersion = 10.0.40219.1
Project("{FAE04EC0-301F-11D3-BF4B-00C04F79EFBC}") = "EmployeePayrollSystemUsingThread", "EmployeePayrollSystemUsingThread\EmployeePayrollSystemUsingThread.csproj", "{B316B577-EDAA-4212-8F1A-C29538DFC5A2}"
EndProject
Project("{9A19103F-16F7-4668-BE54-9A1E7A4F7556}") = "EmployeePayrollTest", "EmployeePayrollTest\EmployeePayrollTest.csproj", "{7DE9B196-00C6-47FC-A3D9-C288CB480739}"
EndProject
Project("{FAE04EC0-301F-11D3-BF4B-00C04F79EFBC}") = "TaskParallelLibrary", "TaskParallelLibrary\TaskParallelLibrary.csproj", "{71F5598E-BEDB-4998-BD82-2A916932627B}"
EndProject
Global
	GlobalSection(SolutionConfigurationPlatforms) = preSolution
		Debug|Any CPU = Debug|Any CPU
		Release|Any CPU = Release|Any CPU
	EndGlobalSection
	GlobalSection(ProjectConfigurationPlatforms) = postSolution
		{B316B577-EDAA-4212-8F1A-C29538DFC5A2}.Debug|Any CPU.ActiveCfg = Debug|Any CPU
		{B316B577-EDAA-4212-8F1A-C29538DFC5A2}.Debug|Any CPU.Build.0 = Debug|Any CPU
		{B316B577-EDAA-4212-8F1A-C29538DFC5A2}.Release|Any CPU.ActiveCfg = Release|Any CPU
		{B316B577-EDAA-4212-8F1A-C29538DFC5A2}.Release|Any CPU.Build.0 = Release|Any CPU
		{7DE9B196-00C6-47FC-A3D9-C288CB480739}.Debug|Any CPU.ActiveCfg = Debug|Any CPU
		{7DE9B196-00C6-47FC-A3D9-C288CB480739}.Debug|Any CPU.Build.0 = Debug|Any CPU
		{7DE9B196-00C6-47FC-A3D9-C288CB480739}.Release|Any CPU.ActiveCfg = Release|Any CPU
		{7DE9B196-00C6-47FC-A3D9-C288CB480739}.Release|Any CPU.Build.0 = Release|Any CPU
		{71F5598E-BEDB-4998-BD82-2A916932627B}.Debug|Any CPU.ActiveCfg = Debug|Any CPU
		{71F5598E-BEDB-4998-BD82-2A916932627B}.Debug|Any CPU.Build.0 = Debug|Any CPU
		{71F5598E-BEDB-4998-BD82-2A916932627B}.Release|Any CPU.ActiveCfg = Release|Any CPU
		{71F5598E-BEDB-4998-BD82-2A916932627B}.Release|Any CPU.Build.0 = Release|Any CPU
	EndGlobalSection
	GlobalSection(SolutionProperties) = preSolution
		HideSolutionNode = FALSE
	EndGlobalSection
	GlobalSection(ExtensibilityGlobals) = postSolution
		SolutionGuid = {A058726B-CE61-4B0F-9D16-DECCD84EB84F}
	EndGlobalSection
EndGlobal
